
Microsoft Visual Studio Solution File, Format Version 12.00
# Visual Studio Version 16
VisualStudioVersion = 16.0.29424.173
MinimumVisualStudioVersion = 10.0.40219.1
Project("{FAE04EC0-301F-11D3-BF4B-00C04F79EFBC}") = "YourPhotoKit", "YourPhotoKit\YourPhotoKit.csproj", "{FF35597C-320E-4069-AF65-FA6C85176B40}"
EndProject
Global
	GlobalSection(SolutionConfigurationPlatforms) = preSolution
		Debug|Any CPU = Debug|Any CPU
		Release|Any CPU = Release|Any CPU
	EndGlobalSection
	GlobalSection(ProjectConfigurationPlatforms) = postSolution
		{FF35597C-320E-4069-AF65-FA6C85176B40}.Debug|Any CPU.ActiveCfg = Debug|Any CPU
		{FF35597C-320E-4069-AF65-FA6C85176B40}.Debug|Any CPU.Build.0 = Debug|Any CPU
		{FF35597C-320E-4069-AF65-FA6C85176B40}.Release|Any CPU.ActiveCfg = Release|Any CPU
		{FF35597C-320E-4069-AF65-FA6C85176B40}.Release|Any CPU.Build.0 = Release|Any CPU
	EndGlobalSection
	GlobalSection(SolutionProperties) = preSolution
		HideSolutionNode = FALSE
	EndGlobalSection
	GlobalSection(ExtensibilityGlobals) = postSolution
		SolutionGuid = {1F24B1B2-943F-4892-9AFD-5A17E5E19850}
	EndGlobalSection
EndGlobal
